
Microsoft Visual Studio Solution File, Format Version 12.00
# Visual Studio Version 17
VisualStudioVersion = 17.0.32112.339
MinimumVisualStudioVersion = 10.0.40219.1
Project("{8BC9CEB8-8B4A-11D0-8D11-00A0C91BC942}") = "Dungeon_Master", "Dungeon_Master\Dungeon_Master.vcxproj", "{819FDF52-CDCA-4356-98FE-E8CF08232CAD}"
EndProject
Global
	GlobalSection(SolutionConfigurationPlatforms) = preSolution
		Debug|x64 = Debug|x64
		Debug|x86 = Debug|x86
		Release|x64 = Release|x64
		Release|x86 = Release|x86
	EndGlobalSection
	GlobalSection(ProjectConfigurationPlatforms) = postSolution
		{819FDF52-CDCA-4356-98FE-E8CF08232CAD}.Debug|x64.ActiveCfg = Debug|x64
		{819FDF52-CDCA-4356-98FE-E8CF08232CAD}.Debug|x64.Build.0 = Debug|x64
		{819FDF52-CDCA-4356-98FE-E8CF08232CAD}.Debug|x86.ActiveCfg = Debug|Win32
		{819FDF52-CDCA-4356-98FE-E8CF08232CAD}.Debug|x86.Build.0 = Debug|Win32
		{819FDF52-CDCA-4356-98FE-E8CF08232CAD}.Release|x64.ActiveCfg = Release|x64
		{819FDF52-CDCA-4356-98FE-E8CF08232CAD}.Release|x64.Build.0 = Release|x64
		{819FDF52-CDCA-4356-98FE-E8CF08232CAD}.Release|x86.ActiveCfg = Release|Win32
		{819FDF52-CDCA-4356-98FE-E8CF08232CAD}.Release|x86.Build.0 = Release|Win32
	EndGlobalSection
	GlobalSection(SolutionProperties) = preSolution
		HideSolutionNode = FALSE
	EndGlobalSection
	GlobalSection(ExtensibilityGlobals) = postSolution
		SolutionGuid = {DF1E08CC-DF1C-4FF0-8BF2-9B7B049DD9AE}
	EndGlobalSection
EndGlobal
